
Microsoft Visual Studio Solution File, Format Version 12.00
# Visual Studio Version 16
VisualStudioVersion = 16.0.31005.135
MinimumVisualStudioVersion = 10.0.40219.1
Project("{FAE04EC0-301F-11D3-BF4B-00C04F79EFBC}") = "MusicPlayer", "NewPlayer\MusicPlayer.csproj", "{0D1CCB82-ECCE-4D37-B324-318EC926B84D}"
EndProject
Global
	GlobalSection(SolutionConfigurationPlatforms) = preSolution
		Debug|Any CPU = Debug|Any CPU
		Release|Any CPU = Release|Any CPU
	EndGlobalSection
	GlobalSection(ProjectConfigurationPlatforms) = postSolution
		{0D1CCB82-ECCE-4D37-B324-318EC926B84D}.Debug|Any CPU.ActiveCfg = Debug|Any CPU
		{0D1CCB82-ECCE-4D37-B324-318EC926B84D}.Debug|Any CPU.Build.0 = Debug|Any CPU
		{0D1CCB82-ECCE-4D37-B324-318EC926B84D}.Release|Any CPU.ActiveCfg = Release|Any CPU
		{0D1CCB82-ECCE-4D37-B324-318EC926B84D}.Release|Any CPU.Build.0 = Release|Any CPU
	EndGlobalSection
	GlobalSection(SolutionProperties) = preSolution
		HideSolutionNode = FALSE
	EndGlobalSection
	GlobalSection(ExtensibilityGlobals) = postSolution
		SolutionGuid = {16B2FA1C-630D-42F7-A08B-56DFC0184FE0}
	EndGlobalSection
EndGlobal
